<?xml version="1.0" encoding="utf-8"?>
<Project ToolsVersion="4.0" xmlns="http://schemas.microsoft.com/developer/msbuild/2003">
  <ItemGroup>
    <Filter Include="Source">
      <UniqueIdentifier>{f58c4c1e-fea8-4881-abfb-1069e66de25b}</UniqueIdentifier>
    </Filter>
    <Filter Include="Source\Core">
      <UniqueIdentifier>{dfad1ee4-e951-42b4-ab62-c2832b8f4fe6}</UniqueIdentifier>
    </Filter>
    <Filter Include="Source\Core\Display">
      <UniqueIdentifier>{351e2e61-e430-459e-a409-4c83df547c43}</UniqueIdentifier>
    </Filter>
    <Filter Include="Source\Core\Engine">
      <UniqueIdentifier>{a49eac70-ad21-49f0-974e-2e1b4c5b06f9}</UniqueIdentifier>
    </Filter>
    <Filter Include="Source\Core\Math">
      <UniqueIdentifier>{63edcb6d-6e77-47c0-b256-99942d27e128}</UniqueIdentifier>
    </Filter>
    <Filter Include="Source\Core\Object">
      <UniqueIdentifier>{9750a842-6f2c-4da7-93ff-9fecdcbf9a0a}</UniqueIdentifier>
    </Filter>
    <Filter Include="Source\Test">
      <UniqueIdentifier>{75d4aee7-ba7e-445d-aa24-cbc645f606dd}</UniqueIdentifier>
    </Filter>
  </ItemGroup>
  <ItemGroup>
    <ClCompile Include="Source\Core\Display\Console.cpp">
      <Filter>Source\Core\Display</Filter>
    </ClCompile>
    <ClCompile Include="Source\Core\Engine\GameCore.cpp">
      <Filter>Source\Core\Engine</Filter>
    </ClCompile>
    <ClCompile Include="Source\Core\Engine\MainEngine.cpp">
      <Filter>Source\Core\Engine</Filter>
    </ClCompile>
    <ClCompile Include="Source\Core\Object\Object.cpp">
      <Filter>Source\Core\Object</Filter>
    </ClCompile>
    <ClCompile Include="Source\Test\TestGame.cpp">
      <Filter>Source\Test</Filter>
    </ClCompile>
    <ClCompile Include="Source\Main.cpp">
      <Filter>Source</Filter>
    </ClCompile>
    <ClCompile Include="Source\Test\TestComponent.cpp">
      <Filter>Source\Test</Filter>
    </ClCompile>
    <ClCompile Include="Source\Core\Engine\Renderer.cpp">
      <Filter>Source\Core\Engine</Filter>
    </ClCompile>
  </ItemGroup>
  <ItemGroup>
    <ClInclude Include="Source\Core\Display\Console.hpp">
      <Filter>Source\Core\Display</Filter>
    </ClInclude>
    <ClInclude Include="Source\Core\Display\ConsoleDefines.hpp">
      <Filter>Source\Core\Display</Filter>
    </ClInclude>
    <ClInclude Include="Source\Core\Engine\GameCore.hpp">
      <Filter>Source\Core\Engine</Filter>
    </ClInclude>
    <ClInclude Include="Source\Core\Engine\MainEngine.hpp">
      <Filter>Source\Core\Engine</Filter>
    </ClInclude>
    <ClInclude Include="Source\Core\Math\Vector2f.hpp">
      <Filter>Source\Core\Math</Filter>
    </ClInclude>
    <ClInclude Include="Source\Core\Object\Object.hpp">
      <Filter>Source\Core\Object</Filter>
    </ClInclude>
    <ClInclude Include="Source\Test\TestGame.hpp">
      <Filter>Source\Test</Filter>
    </ClInclude>
    <ClInclude Include="Source\Core\Object\Component.hpp">
      <Filter>Source\Core\Object</Filter>
    </ClInclude>
    <ClInclude Include="Source\Test\TestComponent.hpp">
      <Filter>Source\Test</Filter>
    </ClInclude>
    <ClInclude Include="Source\Core\Engine\Renderer.hpp">
      <Filter>Source\Core\Engine</Filter>
    </ClInclude>
  </ItemGroup>
</Project>