<?xml version="1.0" encoding="utf-8"?>
<Project ToolsVersion="4.0" xmlns="http://schemas.microsoft.com/developer/msbuild/2003">
  <ItemGroup>
    <Filter Include="Source">
      <UniqueIdentifier>{f58c4c1e-fea8-4881-abfb-1069e66de25b}</UniqueIdentifier>
    </Filter>
    <Filter Include="Source\Display Device">
      <UniqueIdentifier>{5ace8fea-62ae-4b1d-aae1-07a25129b3c8}</UniqueIdentifier>
    </Filter>
    <Filter Include="Source\Display Device\Windows Console">
      <UniqueIdentifier>{cf107c27-556b-4a2d-9698-2911cb7d35db}</UniqueIdentifier>
    </Filter>
    <Filter Include="Source\Utility">
      <UniqueIdentifier>{c1e9f23d-0f84-4e68-b295-ca71dc001fee}</UniqueIdentifier>
    </Filter>
    <Filter Include="Source\Utility\Time">
      <UniqueIdentifier>{b59b7bc1-37f6-4a47-a124-d02e179bfae6}</UniqueIdentifier>
    </Filter>
    <Filter Include="Source\Utility\Math">
      <UniqueIdentifier>{24f4ee0e-ab7e-42d0-bd92-90f27bc7c7f2}</UniqueIdentifier>
    </Filter>
    <Filter Include="Source\Scene Graph">
      <UniqueIdentifier>{4733d652-c685-4509-98a3-fffe6f7507c5}</UniqueIdentifier>
    </Filter>
    <Filter Include="Source\Scene Graph\Interface">
      <UniqueIdentifier>{86dd6cf4-4874-4f19-a38c-baec47fffcfa}</UniqueIdentifier>
    </Filter>
    <Filter Include="Source\Input">
      <UniqueIdentifier>{ad1622cf-4719-43fb-8645-0909567f6676}</UniqueIdentifier>
    </Filter>
    <Filter Include="Source\Input\Windows Input">
      <UniqueIdentifier>{417c4f79-773c-4e92-876e-0a52d3caca5d}</UniqueIdentifier>
    </Filter>
    <Filter Include="Source\System">
      <UniqueIdentifier>{5aa44549-24c4-4a24-9297-3460b8780284}</UniqueIdentifier>
    </Filter>
    <Filter Include="Source\System\Win32">
      <UniqueIdentifier>{a06ea735-667a-45c7-9ef8-61181900f27a}</UniqueIdentifier>
    </Filter>
    <Filter Include="Docs">
      <UniqueIdentifier>{a0e5aad0-ee6f-4d27-9845-0700c39f8796}</UniqueIdentifier>
    </Filter>
    <Filter Include="Source\Utility\Logging">
      <UniqueIdentifier>{5c398526-70b9-44db-97f4-2e273db7059b}</UniqueIdentifier>
    </Filter>
    <Filter Include="Source\Utility\Error Handling">
      <UniqueIdentifier>{bb881d47-0974-430e-a75c-86d825198ccc}</UniqueIdentifier>
    </Filter>
    <Filter Include="Source\Utility\Error Handling\Windows">
      <UniqueIdentifier>{4aaf95f3-bf1d-410c-955f-bfb0abfa678a}</UniqueIdentifier>
    </Filter>
  </ItemGroup>
  <ItemGroup>
    <ClCompile Include="Source\Main.cpp">
      <Filter>Source</Filter>
    </ClCompile>
    <ClCompile Include="Source\Display Device\Windows Console\Console.cpp">
      <Filter>Source\Display Device\Windows Console</Filter>
    </ClCompile>
    <ClCompile Include="Source\Utility\Math\Vector2f.cpp">
      <Filter>Source\Utility\Math</Filter>
    </ClCompile>
    <ClCompile Include="Source\Utility\Math\Vector3f.cpp">
      <Filter>Source\Utility\Math</Filter>
    </ClCompile>
    <ClCompile Include="Source\Utility\Math\Vector4f.cpp">
      <Filter>Source\Utility\Math</Filter>
    </ClCompile>
    <ClCompile Include="Source\Utility\Math\Matrix4f.cpp">
      <Filter>Source\Utility\Math</Filter>
    </ClCompile>
    <ClCompile Include="Source\Utility\Math\Quaternion.cpp">
      <Filter>Source\Utility\Math</Filter>
    </ClCompile>
    <ClCompile Include="Source\Input\Windows Input\ConsoleInput.cpp">
      <Filter>Source\Input\Windows Input</Filter>
    </ClCompile>
    <ClCompile Include="Source\Input\Windows Input\ConsoleInputExt.cpp">
      <Filter>Source\Input\Windows Input</Filter>
    </ClCompile>
    <ClCompile Include="Source\Input\Windows Input\CursorLock.cpp">
      <Filter>Source\Input\Windows Input</Filter>
    </ClCompile>
    <ClCompile Include="Source\Utility\Logging\Log.cpp">
      <Filter>Source\Utility\Logging</Filter>
    </ClCompile>
    <ClCompile Include="Source\Utility\Error Handling\Windows\ErrorHandler.cpp">
      <Filter>Source\Utility\Error Handling\Windows</Filter>
    </ClCompile>
  </ItemGroup>
  <ItemGroup>
    <ClInclude Include="Source\Display Device\Windows Console\ConsoleDefines.hpp">
      <Filter>Source\Display Device\Windows Console</Filter>
    </ClInclude>
    <ClInclude Include="Source\Display Device\Windows Console\Console.hpp">
      <Filter>Source\Display Device\Windows Console</Filter>
    </ClInclude>
    <ClInclude Include="Source\Utility\Time\WindowsTime.hpp">
      <Filter>Source\Utility\Time</Filter>
    </ClInclude>
    <ClInclude Include="Source\Utility\Math\Vector2f.hpp">
      <Filter>Source\Utility\Math</Filter>
    </ClInclude>
    <ClInclude Include="Source\Utility\Math\Vector3f.hpp">
      <Filter>Source\Utility\Math</Filter>
    </ClInclude>
    <ClInclude Include="Source\Utility\Math\Vector4f.hpp">
      <Filter>Source\Utility\Math</Filter>
    </ClInclude>
    <ClInclude Include="Source\Utility\Math\Matrix4f.hpp">
      <Filter>Source\Utility\Math</Filter>
    </ClInclude>
    <ClInclude Include="Source\Utility\Math\Quaternion.hpp">
      <Filter>Source\Utility\Math</Filter>
    </ClInclude>
    <ClInclude Include="Source\Scene Graph\Interface\ISceneGraph.hpp">
      <Filter>Source\Scene Graph\Interface</Filter>
    </ClInclude>
    <ClInclude Include="Source\Input\Windows Input\ConsoleInput.hpp">
      <Filter>Source\Input\Windows Input</Filter>
    </ClInclude>
    <ClInclude Include="Source\System\Win32\Window.hpp">
      <Filter>Source\System\Win32</Filter>
    </ClInclude>
    <ClInclude Include="Source\Input\Windows Input\ConsoleInputDefines.hpp">
      <Filter>Source\Input\Windows Input</Filter>
    </ClInclude>
    <ClInclude Include="Source\Input\Windows Input\ConsoleInputExt.hpp">
      <Filter>Source\Input\Windows Input</Filter>
    </ClInclude>
    <ClInclude Include="Source\Utility\Time\ITime.hpp">
      <Filter>Source\Utility\Time</Filter>
    </ClInclude>
    <ClInclude Include="Source\Utility\Logging\Log.hpp">
      <Filter>Source\Utility\Logging</Filter>
    </ClInclude>
    <ClInclude Include="Source\Utility\Error Handling\Windows\ErrorHandler.hpp">
      <Filter>Source\Utility\Error Handling\Windows</Filter>
    </ClInclude>
  </ItemGroup>
  <ItemGroup>
    <Text Include="Docs\TODO.txt">
      <Filter>Docs</Filter>
    </Text>
  </ItemGroup>
</Project>